
Microsoft Visual Studio Solution File, Format Version 12.00
# Visual Studio Version 17
VisualStudioVersion = 17.11.35327.3
MinimumVisualStudioVersion = 10.0.40219.1
Project("{8BC9CEB8-8B4A-11D0-8D11-00A0C91BC942}") = "chat", "chat.vcxproj", "{C484110A-93CB-48A0-BEBC-95F30DBA2FEB}"
EndProject
Project("{8BC9CEB8-8B4A-11D0-8D11-00A0C91BC942}") = "client", "..\client\client.vcxproj", "{BE83709E-E718-4399-BC96-2BA95791DEAE}"
EndProject
Global
	GlobalSection(SolutionConfigurationPlatforms) = preSolution
		Debug|x64 = Debug|x64
		Debug|x86 = Debug|x86
		Release|x64 = Release|x64
		Release|x86 = Release|x86
	EndGlobalSection
	GlobalSection(ProjectConfigurationPlatforms) = postSolution
		{C484110A-93CB-48A0-BEBC-95F30DBA2FEB}.Debug|x64.ActiveCfg = Debug|x64
		{C484110A-93CB-48A0-BEBC-95F30DBA2FEB}.Debug|x64.Build.0 = Debug|x64
		{C484110A-93CB-48A0-BEBC-95F30DBA2FEB}.Debug|x86.ActiveCfg = Debug|Win32
		{C484110A-93CB-48A0-BEBC-95F30DBA2FEB}.Debug|x86.Build.0 = Debug|Win32
		{C484110A-93CB-48A0-BEBC-95F30DBA2FEB}.Release|x64.ActiveCfg = Release|x64
		{C484110A-93CB-48A0-BEBC-95F30DBA2FEB}.Release|x64.Build.0 = Release|x64
		{C484110A-93CB-48A0-BEBC-95F30DBA2FEB}.Release|x86.ActiveCfg = Release|Win32
		{C484110A-93CB-48A0-BEBC-95F30DBA2FEB}.Release|x86.Build.0 = Release|Win32
		{BE83709E-E718-4399-BC96-2BA95791DEAE}.Debug|x64.ActiveCfg = Debug|x64
		{BE83709E-E718-4399-BC96-2BA95791DEAE}.Debug|x64.Build.0 = Debug|x64
		{BE83709E-E718-4399-BC96-2BA95791DEAE}.Debug|x86.ActiveCfg = Debug|Win32
		{BE83709E-E718-4399-BC96-2BA95791DEAE}.Debug|x86.Build.0 = Debug|Win32
		{BE83709E-E718-4399-BC96-2BA95791DEAE}.Release|x64.ActiveCfg = Release|x64
		{BE83709E-E718-4399-BC96-2BA95791DEAE}.Release|x64.Build.0 = Release|x64
		{BE83709E-E718-4399-BC96-2BA95791DEAE}.Release|x86.ActiveCfg = Release|Win32
		{BE83709E-E718-4399-BC96-2BA95791DEAE}.Release|x86.Build.0 = Release|Win32
	EndGlobalSection
	GlobalSection(SolutionProperties) = preSolution
		HideSolutionNode = FALSE
	EndGlobalSection
	GlobalSection(ExtensibilityGlobals) = postSolution
		SolutionGuid = {3A585B98-5E56-4C88-A298-F4F7466AE209}
	EndGlobalSection
EndGlobal
